
Microsoft Visual Studio Solution File, Format Version 12.00
# Visual Studio Version 17
VisualStudioVersion = 17.1.32228.430
MinimumVisualStudioVersion = 10.0.40219.1
Project("{FAE04EC0-301F-11D3-BF4B-00C04F79EFBC}") = "FlaskeAutomaten", "FlaskeAutomaten\FlaskeAutomaten.csproj", "{46F9FE9F-21A1-4A7B-B615-40A8E6A6EDDD}"
EndProject
Global
	GlobalSection(SolutionConfigurationPlatforms) = preSolution
		Debug|Any CPU = Debug|Any CPU
		Release|Any CPU = Release|Any CPU
	EndGlobalSection
	GlobalSection(ProjectConfigurationPlatforms) = postSolution
		{46F9FE9F-21A1-4A7B-B615-40A8E6A6EDDD}.Debug|Any CPU.ActiveCfg = Debug|Any CPU
		{46F9FE9F-21A1-4A7B-B615-40A8E6A6EDDD}.Debug|Any CPU.Build.0 = Debug|Any CPU
		{46F9FE9F-21A1-4A7B-B615-40A8E6A6EDDD}.Release|Any CPU.ActiveCfg = Release|Any CPU
		{46F9FE9F-21A1-4A7B-B615-40A8E6A6EDDD}.Release|Any CPU.Build.0 = Release|Any CPU
	EndGlobalSection
	GlobalSection(SolutionProperties) = preSolution
		HideSolutionNode = FALSE
	EndGlobalSection
	GlobalSection(ExtensibilityGlobals) = postSolution
		SolutionGuid = {D0AB63A0-88A9-47D8-BF44-C52935CFA78F}
	EndGlobalSection
EndGlobal
